<Solution>
  <Folder Name="/Solution Items/">
    <File Path="README.md" />
  </Folder>
  <Folder Name="/src/">
    <Project Path="src/DotNetInterviewTDD.Core/DotNetInterviewTDD.Core.csproj" />
  </Folder>
  <Folder Name="/tests/">
    <Project Path="tests/DotNetInterviewTDD.Tests/DotNetInterviewTDD.Tests.csproj" />
  </Folder>
</Solution>
